
Microsoft Visual Studio Solution File, Format Version 12.00
# Visual Studio Version 16
VisualStudioVersion = 16.0.32002.261
MinimumVisualStudioVersion = 10.0.40219.1
Project("{8BC9CEB8-8B4A-11D0-8D11-00A0C91BC942}") = "radixsort", "radixsort.vcxproj", "{8B90CEDF-6FBA-475D-BC48-AE7FD7FE69D4}"
EndProject
Global
	GlobalSection(SolutionConfigurationPlatforms) = preSolution
		Debug|x64 = Debug|x64
		Debug|x86 = Debug|x86
		Release|x64 = Release|x64
		Release|x86 = Release|x86
	EndGlobalSection
	GlobalSection(ProjectConfigurationPlatforms) = postSolution
		{8B90CEDF-6FBA-475D-BC48-AE7FD7FE69D4}.Debug|x64.ActiveCfg = Debug|x64
		{8B90CEDF-6FBA-475D-BC48-AE7FD7FE69D4}.Debug|x64.Build.0 = Debug|x64
		{8B90CEDF-6FBA-475D-BC48-AE7FD7FE69D4}.Debug|x86.ActiveCfg = Debug|Win32
		{8B90CEDF-6FBA-475D-BC48-AE7FD7FE69D4}.Debug|x86.Build.0 = Debug|Win32
		{8B90CEDF-6FBA-475D-BC48-AE7FD7FE69D4}.Release|x64.ActiveCfg = Release|x64
		{8B90CEDF-6FBA-475D-BC48-AE7FD7FE69D4}.Release|x64.Build.0 = Release|x64
		{8B90CEDF-6FBA-475D-BC48-AE7FD7FE69D4}.Release|x86.ActiveCfg = Release|Win32
		{8B90CEDF-6FBA-475D-BC48-AE7FD7FE69D4}.Release|x86.Build.0 = Release|Win32
	EndGlobalSection
	GlobalSection(SolutionProperties) = preSolution
		HideSolutionNode = FALSE
	EndGlobalSection
	GlobalSection(ExtensibilityGlobals) = postSolution
		SolutionGuid = {18947DC8-8E0E-4B07-BC42-950B99F881E2}
	EndGlobalSection
EndGlobal
